
Microsoft Visual Studio Solution File, Format Version 12.00
# Visual Studio Version 17
VisualStudioVersion = 17.0.31903.59
MinimumVisualStudioVersion = 10.0.40219.1
Project("{9A19103F-16F7-4668-BE54-9A1E7A4F7556}") = "Backend", "Backend.csproj", "{4819D58C-C311-4C53-B4CB-E22B8042EE88}"
EndProject
Global
	GlobalSection(SolutionConfigurationPlatforms) = preSolution
		Debug|Any CPU = Debug|Any CPU
		Release|Any CPU = Release|Any CPU
	EndGlobalSection
	GlobalSection(ProjectConfigurationPlatforms) = postSolution
		{4819D58C-C311-4C53-B4CB-E22B8042EE88}.Debug|Any CPU.ActiveCfg = Debug|Any CPU
		{4819D58C-C311-4C53-B4CB-E22B8042EE88}.Debug|Any CPU.Build.0 = Debug|Any CPU
		{4819D58C-C311-4C53-B4CB-E22B8042EE88}.Release|Any CPU.ActiveCfg = Release|Any CPU
		{4819D58C-C311-4C53-B4CB-E22B8042EE88}.Release|Any CPU.Build.0 = Release|Any CPU
	EndGlobalSection
	GlobalSection(SolutionProperties) = preSolution
		HideSolutionNode = FALSE
	EndGlobalSection
	GlobalSection(ExtensibilityGlobals) = postSolution
		SolutionGuid = {16471AD7-88BF-4EA8-96F6-773DA25B5A00}
	EndGlobalSection
EndGlobal
